
Microsoft Visual Studio Solution File, Format Version 12.00
# Visual Studio 14
VisualStudioVersion = 14.0.25420.1
MinimumVisualStudioVersion = 10.0.40219.1
Project("{FAE04EC0-301F-11D3-BF4B-00C04F79EFBC}") = "ProductTests", "ProductTests\ProductTests.csproj", "{E117AE61-2A35-4CB6-B5E6-7CA97F8F2406}"
EndProject
Global
	GlobalSection(SolutionConfigurationPlatforms) = preSolution
		Debug|Any CPU = Debug|Any CPU
		Debug|x86 = Debug|x86
		DR|Any CPU = DR|Any CPU
		DR|x86 = DR|x86
		PreProd|Any CPU = PreProd|Any CPU
		PreProd|x86 = PreProd|x86
		Production|Any CPU = Production|Any CPU
		Production|x86 = Production|x86
		Release|Any CPU = Release|Any CPU
		Release|x86 = Release|x86
		UAT|Any CPU = UAT|Any CPU
		UAT|x86 = UAT|x86
	EndGlobalSection
	GlobalSection(ProjectConfigurationPlatforms) = postSolution
		{E117AE61-2A35-4CB6-B5E6-7CA97F8F2406}.Debug|Any CPU.ActiveCfg = Debug|Any CPU
		{E117AE61-2A35-4CB6-B5E6-7CA97F8F2406}.Debug|Any CPU.Build.0 = Debug|Any CPU
		{E117AE61-2A35-4CB6-B5E6-7CA97F8F2406}.Debug|x86.ActiveCfg = Debug|Any CPU
		{E117AE61-2A35-4CB6-B5E6-7CA97F8F2406}.Debug|x86.Build.0 = Debug|Any CPU
		{E117AE61-2A35-4CB6-B5E6-7CA97F8F2406}.DR|Any CPU.ActiveCfg = Debug|Any CPU
		{E117AE61-2A35-4CB6-B5E6-7CA97F8F2406}.DR|Any CPU.Build.0 = Debug|Any CPU
		{E117AE61-2A35-4CB6-B5E6-7CA97F8F2406}.DR|x86.ActiveCfg = Debug|Any CPU
		{E117AE61-2A35-4CB6-B5E6-7CA97F8F2406}.DR|x86.Build.0 = Debug|Any CPU
		{E117AE61-2A35-4CB6-B5E6-7CA97F8F2406}.PreProd|Any CPU.ActiveCfg = Release|Any CPU
		{E117AE61-2A35-4CB6-B5E6-7CA97F8F2406}.PreProd|Any CPU.Build.0 = Release|Any CPU
		{E117AE61-2A35-4CB6-B5E6-7CA97F8F2406}.PreProd|x86.ActiveCfg = Release|Any CPU
		{E117AE61-2A35-4CB6-B5E6-7CA97F8F2406}.PreProd|x86.Build.0 = Release|Any CPU
		{E117AE61-2A35-4CB6-B5E6-7CA97F8F2406}.Production|Any CPU.ActiveCfg = Release|Any CPU
		{E117AE61-2A35-4CB6-B5E6-7CA97F8F2406}.Production|Any CPU.Build.0 = Release|Any CPU
		{E117AE61-2A35-4CB6-B5E6-7CA97F8F2406}.Production|x86.ActiveCfg = Release|Any CPU
		{E117AE61-2A35-4CB6-B5E6-7CA97F8F2406}.Production|x86.Build.0 = Release|Any CPU
		{E117AE61-2A35-4CB6-B5E6-7CA97F8F2406}.Release|Any CPU.ActiveCfg = Release|Any CPU
		{E117AE61-2A35-4CB6-B5E6-7CA97F8F2406}.Release|Any CPU.Build.0 = Release|Any CPU
		{E117AE61-2A35-4CB6-B5E6-7CA97F8F2406}.Release|x86.ActiveCfg = Release|Any CPU
		{E117AE61-2A35-4CB6-B5E6-7CA97F8F2406}.Release|x86.Build.0 = Release|Any CPU
		{E117AE61-2A35-4CB6-B5E6-7CA97F8F2406}.UAT|Any CPU.ActiveCfg = Release|Any CPU
		{E117AE61-2A35-4CB6-B5E6-7CA97F8F2406}.UAT|Any CPU.Build.0 = Release|Any CPU
		{E117AE61-2A35-4CB6-B5E6-7CA97F8F2406}.UAT|x86.ActiveCfg = Release|Any CPU
		{E117AE61-2A35-4CB6-B5E6-7CA97F8F2406}.UAT|x86.Build.0 = Release|Any CPU
	EndGlobalSection
	GlobalSection(SolutionProperties) = preSolution
		HideSolutionNode = FALSE
	EndGlobalSection
EndGlobal
